
Microsoft Visual Studio Solution File, Format Version 12.00
# Visual Studio Version 18
VisualStudioVersion = 18.0.11222.15
MinimumVisualStudioVersion = 10.0.40219.1
Project("{FAE04EC0-301F-11D3-BF4B-00C04F79EFBC}") = "danklibrary", "danklibrary\danklibrary.csproj", "{9B0EAF49-83A1-4221-8821-1F825C783E60}"
EndProject
Project("{FAE04EC0-301F-11D3-BF4B-00C04F79EFBC}") = "web", "web\web\web.csproj", "{5837E450-4E46-4DE5-ACB5-C17F6E07331E}"
EndProject
Project("{FAE04EC0-301F-11D3-BF4B-00C04F79EFBC}") = "web.Client", "web\web.Client\web.Client.csproj", "{1D88282A-7A52-4206-AFD6-4316DFB45C16}"
EndProject
Project("{2150E333-8FDC-42A3-9474-1A3956D46DE8}") = "gitimages", "gitimages", "{FDD21176-6E9B-41E0-B5DE-EA7922C53FBD}"
	ProjectSection(SolutionItems) = preProject
		gitimages\dashboardlinks.png = gitimages\dashboardlinks.png
		gitimages\monitoring.png = gitimages\monitoring.png
		gitimages\monitoringopen.png = gitimages\monitoringopen.png
		gitimages\subnettrackerclosed.png = gitimages\subnettrackerclosed.png
		gitimages\subnettrackeropened.png = gitimages\subnettrackeropened.png
	EndProjectSection
EndProject
Global
	GlobalSection(SolutionConfigurationPlatforms) = preSolution
		Debug|Any CPU = Debug|Any CPU
		Debug|x64 = Debug|x64
		Release|Any CPU = Release|Any CPU
		Release|x64 = Release|x64
	EndGlobalSection
	GlobalSection(ProjectConfigurationPlatforms) = postSolution
		{9B0EAF49-83A1-4221-8821-1F825C783E60}.Debug|Any CPU.ActiveCfg = Debug|Any CPU
		{9B0EAF49-83A1-4221-8821-1F825C783E60}.Debug|Any CPU.Build.0 = Debug|Any CPU
		{9B0EAF49-83A1-4221-8821-1F825C783E60}.Debug|x64.ActiveCfg = Debug|Any CPU
		{9B0EAF49-83A1-4221-8821-1F825C783E60}.Debug|x64.Build.0 = Debug|Any CPU
		{9B0EAF49-83A1-4221-8821-1F825C783E60}.Release|Any CPU.ActiveCfg = Release|Any CPU
		{9B0EAF49-83A1-4221-8821-1F825C783E60}.Release|Any CPU.Build.0 = Release|Any CPU
		{9B0EAF49-83A1-4221-8821-1F825C783E60}.Release|x64.ActiveCfg = Release|Any CPU
		{9B0EAF49-83A1-4221-8821-1F825C783E60}.Release|x64.Build.0 = Release|Any CPU
		{5837E450-4E46-4DE5-ACB5-C17F6E07331E}.Debug|Any CPU.ActiveCfg = Debug|Any CPU
		{5837E450-4E46-4DE5-ACB5-C17F6E07331E}.Debug|Any CPU.Build.0 = Debug|Any CPU
		{5837E450-4E46-4DE5-ACB5-C17F6E07331E}.Debug|x64.ActiveCfg = Debug|Any CPU
		{5837E450-4E46-4DE5-ACB5-C17F6E07331E}.Debug|x64.Build.0 = Debug|Any CPU
		{5837E450-4E46-4DE5-ACB5-C17F6E07331E}.Release|Any CPU.ActiveCfg = Release|Any CPU
		{5837E450-4E46-4DE5-ACB5-C17F6E07331E}.Release|Any CPU.Build.0 = Release|Any CPU
		{5837E450-4E46-4DE5-ACB5-C17F6E07331E}.Release|x64.ActiveCfg = Release|Any CPU
		{5837E450-4E46-4DE5-ACB5-C17F6E07331E}.Release|x64.Build.0 = Release|Any CPU
		{1D88282A-7A52-4206-AFD6-4316DFB45C16}.Debug|Any CPU.ActiveCfg = Debug|Any CPU
		{1D88282A-7A52-4206-AFD6-4316DFB45C16}.Debug|Any CPU.Build.0 = Debug|Any CPU
		{1D88282A-7A52-4206-AFD6-4316DFB45C16}.Debug|x64.ActiveCfg = Debug|Any CPU
		{1D88282A-7A52-4206-AFD6-4316DFB45C16}.Debug|x64.Build.0 = Debug|Any CPU
		{1D88282A-7A52-4206-AFD6-4316DFB45C16}.Release|Any CPU.ActiveCfg = Release|Any CPU
		{1D88282A-7A52-4206-AFD6-4316DFB45C16}.Release|Any CPU.Build.0 = Release|Any CPU
		{1D88282A-7A52-4206-AFD6-4316DFB45C16}.Release|x64.ActiveCfg = Release|Any CPU
		{1D88282A-7A52-4206-AFD6-4316DFB45C16}.Release|x64.Build.0 = Release|Any CPU
	EndGlobalSection
	GlobalSection(SolutionProperties) = preSolution
		HideSolutionNode = FALSE
	EndGlobalSection
	GlobalSection(ExtensibilityGlobals) = postSolution
		SolutionGuid = {E3C85C6D-E4DA-40D3-95BB-633933EF2F89}
	EndGlobalSection
EndGlobal
